
Microsoft Visual Studio Solution File, Format Version 12.00
# Visual Studio 2013
VisualStudioVersion = 12.0.31101.0
MinimumVisualStudioVersion = 10.0.40219.1
Project("{FAE04EC0-301F-11D3-BF4B-00C04F79EFBC}") = "revnoteprep", "revnoteprep\revnoteprep.csproj", "{A6B9B5FB-ED7C-4804-9D42-C5084A9C461B}"
EndProject
Global
	GlobalSection(SolutionConfigurationPlatforms) = preSolution
		Debug|Any CPU = Debug|Any CPU
		Release|Any CPU = Release|Any CPU
	EndGlobalSection
	GlobalSection(ProjectConfigurationPlatforms) = postSolution
		{A6B9B5FB-ED7C-4804-9D42-C5084A9C461B}.Debug|Any CPU.ActiveCfg = Debug|Any CPU
		{A6B9B5FB-ED7C-4804-9D42-C5084A9C461B}.Debug|Any CPU.Build.0 = Debug|Any CPU
		{A6B9B5FB-ED7C-4804-9D42-C5084A9C461B}.Release|Any CPU.ActiveCfg = Release|Any CPU
		{A6B9B5FB-ED7C-4804-9D42-C5084A9C461B}.Release|Any CPU.Build.0 = Release|Any CPU
	EndGlobalSection
	GlobalSection(SolutionProperties) = preSolution
		HideSolutionNode = FALSE
	EndGlobalSection
EndGlobal
